
Microsoft Visual Studio Solution File, Format Version 12.00
# Visual Studio 2013
VisualStudioVersion = 12.0.31101.0
MinimumVisualStudioVersion = 10.0.40219.1
Project("{8BC9CEB8-8B4A-11D0-8D11-00A0C91BC942}") = "PlayAllTheGames", "..\playallthegames\PlayAllTheGames.vcxproj", "{36B06A08-848A-4F5D-ADB0-8BAD89CBF39E}"
	ProjectSection(ProjectDependencies) = postProject
		{87287900-3AF3-4313-B564-D5C2ACAEAB18} = {87287900-3AF3-4313-B564-D5C2ACAEAB18}
		{E2D75B02-B82C-4CF8-BD00-2D7D133ADBBD} = {E2D75B02-B82C-4CF8-BD00-2D7D133ADBBD}
		{F6680D0A-A133-487D-943D-AE364B93A393} = {F6680D0A-A133-487D-943D-AE364B93A393}
		{B57EAB14-0FEF-4AFF-A4F7-68FD59B1F8A7} = {B57EAB14-0FEF-4AFF-A4F7-68FD59B1F8A7}
		{6EB8762B-779F-4F16-AD07-8DF2A5D761A5} = {6EB8762B-779F-4F16-AD07-8DF2A5D761A5}
		{83A1703E-2E77-43AD-8D18-BCF75EB2357E} = {83A1703E-2E77-43AD-8D18-BCF75EB2357E}
		{FF9C8F3E-314B-4302-A04F-E69726B3535B} = {FF9C8F3E-314B-4302-A04F-E69726B3535B}
		{FC9D0840-D651-4338-930E-86481E44D4BB} = {FC9D0840-D651-4338-930E-86481E44D4BB}
		{A79BCF48-AEF6-46BE-B048-564AD80AAFCC} = {A79BCF48-AEF6-46BE-B048-564AD80AAFCC}
		{7BF2014E-1793-4ABF-811A-A33C72DE0ABA} = {7BF2014E-1793-4ABF-811A-A33C72DE0ABA}
		{7A991652-5D56-4E64-8905-A3395A2ABCF8} = {7A991652-5D56-4E64-8905-A3395A2ABCF8}
		{0EC3FD54-EEA4-4FBC-A9F1-1101B11C9ABC} = {0EC3FD54-EEA4-4FBC-A9F1-1101B11C9ABC}
		{1C21975A-6C31-4C6F-AFFF-33CAB6E95F9E} = {1C21975A-6C31-4C6F-AFFF-33CAB6E95F9E}
		{2F9BB25A-D244-4D37-96E6-0DF9FD149580} = {2F9BB25A-D244-4D37-96E6-0DF9FD149580}
		{D525BF5C-BA08-4BB6-84D7-2F5278FC9D7C} = {D525BF5C-BA08-4BB6-84D7-2F5278FC9D7C}
		{2ABBF55F-ED80-423A-AA73-F565186C6891} = {2ABBF55F-ED80-423A-AA73-F565186C6891}
		{BDF0EF60-F71B-4CD9-A1AE-AA3D9FF86A74} = {BDF0EF60-F71B-4CD9-A1AE-AA3D9FF86A74}
		{7A0F0961-54F6-4F4A-B54C-DB365B93D8A7} = {7A0F0961-54F6-4F4A-B54C-DB365B93D8A7}
		{22D5CA69-1AFF-4025-AC86-A4F056D79B53} = {22D5CA69-1AFF-4025-AC86-A4F056D79B53}
		{B001E56F-CC4C-4AE3-9BEC-961924479513} = {B001E56F-CC4C-4AE3-9BEC-961924479513}
		{6A1BBA70-3BB4-43D8-ACA8-0232C11D933C} = {6A1BBA70-3BB4-43D8-ACA8-0232C11D933C}
		{496A0F71-4F90-49B7-8872-EE75D87D7F99} = {496A0F71-4F90-49B7-8872-EE75D87D7F99}
		{D17D9575-0730-4215-933C-7FE219BC4D45} = {D17D9575-0730-4215-933C-7FE219BC4D45}
		{05546D83-2F73-47D6-88E2-03E46451D4C3} = {05546D83-2F73-47D6-88E2-03E46451D4C3}
		{C7D28F99-4A58-436F-9434-F96DA0478B2E} = {C7D28F99-4A58-436F-9434-F96DA0478B2E}
		{13BE92BC-0923-4823-B91A-FF8ABCEE7241} = {13BE92BC-0923-4823-B91A-FF8ABCEE7241}
		{9444FEC0-EEE0-43DA-86E5-84D57BF51EB5} = {9444FEC0-EEE0-43DA-86E5-84D57BF51EB5}
		{88CEB9C3-18F8-40AB-9E9A-FC5D1CC156FC} = {88CEB9C3-18F8-40AB-9E9A-FC5D1CC156FC}
		{46A9ADC9-C8C1-412F-8188-BAFD64A40219} = {46A9ADC9-C8C1-412F-8188-BAFD64A40219}
		{89B38AD0-1CC0-467D-9CE1-DE1315EE560F} = {89B38AD0-1CC0-467D-9CE1-DE1315EE560F}
		{101D4CE8-DC82-4AE4-A4A9-4909CB18E1F6} = {101D4CE8-DC82-4AE4-A4A9-4909CB18E1F6}
		{AEB500E9-577C-41F1-986A-63086C71ABD2} = {AEB500E9-577C-41F1-986A-63086C71ABD2}
	EndProjectSection
EndProject
Project("{8BC9CEB8-8B4A-11D0-8D11-00A0C91BC942}") = "Battle", "..\games\Battle\Battle.vcxproj", "{0EC3FD54-EEA4-4FBC-A9F1-1101B11C9ABC}"
	ProjectSection(ProjectDependencies) = postProject
		{22D5CA69-1AFF-4025-AC86-A4F056D79B53} = {22D5CA69-1AFF-4025-AC86-A4F056D79B53}
	EndProjectSection
EndProject
Project("{2150E333-8FDC-42A3-9474-1A3956D46DE8}") = "games", "games", "{609ED047-948E-4853-80D6-C148A5E95A87}"
EndProject
Project("{8BC9CEB8-8B4A-11D0-8D11-00A0C91BC942}") = "BomberMan", "..\games\BomberMan\BomberMan.vcxproj", "{FC9D0840-D651-4338-930E-86481E44D4BB}"
	ProjectSection(ProjectDependencies) = postProject
		{22D5CA69-1AFF-4025-AC86-A4F056D79B53} = {22D5CA69-1AFF-4025-AC86-A4F056D79B53}
	EndProjectSection
EndProject
Project("{8BC9CEB8-8B4A-11D0-8D11-00A0C91BC942}") = "Bouncy", "..\games\Bouncy\Bouncy.vcxproj", "{83A1703E-2E77-43AD-8D18-BCF75EB2357E}"
	ProjectSection(ProjectDependencies) = postProject
		{22D5CA69-1AFF-4025-AC86-A4F056D79B53} = {22D5CA69-1AFF-4025-AC86-A4F056D79B53}
	EndProjectSection
EndProject
Project("{8BC9CEB8-8B4A-11D0-8D11-00A0C91BC942}") = "BreakOut", "..\games\BreakOut\BreakOut.vcxproj", "{13BE92BC-0923-4823-B91A-FF8ABCEE7241}"
	ProjectSection(ProjectDependencies) = postProject
		{22D5CA69-1AFF-4025-AC86-A4F056D79B53} = {22D5CA69-1AFF-4025-AC86-A4F056D79B53}
	EndProjectSection
EndProject
Project("{8BC9CEB8-8B4A-11D0-8D11-00A0C91BC942}") = "BugSwat", "..\games\BugSwat\BugSwat.vcxproj", "{89B38AD0-1CC0-467D-9CE1-DE1315EE560F}"
	ProjectSection(ProjectDependencies) = postProject
		{22D5CA69-1AFF-4025-AC86-A4F056D79B53} = {22D5CA69-1AFF-4025-AC86-A4F056D79B53}
	EndProjectSection
EndProject
Project("{8BC9CEB8-8B4A-11D0-8D11-00A0C91BC942}") = "BulletHell", "..\games\BulletHell\BulletHell.vcxproj", "{6A1BBA70-3BB4-43D8-ACA8-0232C11D933C}"
	ProjectSection(ProjectDependencies) = postProject
		{22D5CA69-1AFF-4025-AC86-A4F056D79B53} = {22D5CA69-1AFF-4025-AC86-A4F056D79B53}
	EndProjectSection
EndProject
Project("{8BC9CEB8-8B4A-11D0-8D11-00A0C91BC942}") = "Chicken", "..\games\Chicken\Chicken.vcxproj", "{7A0F0961-54F6-4F4A-B54C-DB365B93D8A7}"
	ProjectSection(ProjectDependencies) = postProject
		{22D5CA69-1AFF-4025-AC86-A4F056D79B53} = {22D5CA69-1AFF-4025-AC86-A4F056D79B53}
	EndProjectSection
EndProject
Project("{8BC9CEB8-8B4A-11D0-8D11-00A0C91BC942}") = "CircleShooter", "..\games\CircleShooter\CircleShooter.vcxproj", "{B001E56F-CC4C-4AE3-9BEC-961924479513}"
	ProjectSection(ProjectDependencies) = postProject
		{22D5CA69-1AFF-4025-AC86-A4F056D79B53} = {22D5CA69-1AFF-4025-AC86-A4F056D79B53}
	EndProjectSection
EndProject
Project("{8BC9CEB8-8B4A-11D0-8D11-00A0C91BC942}") = "CurveFever", "..\games\CurveFever\CurveFever.vcxproj", "{7A991652-5D56-4E64-8905-A3395A2ABCF8}"
	ProjectSection(ProjectDependencies) = postProject
		{22D5CA69-1AFF-4025-AC86-A4F056D79B53} = {22D5CA69-1AFF-4025-AC86-A4F056D79B53}
	EndProjectSection
EndProject
Project("{8BC9CEB8-8B4A-11D0-8D11-00A0C91BC942}") = "DodgeFoot", "..\games\DodgeFoot\DodgeFoot.vcxproj", "{88CEB9C3-18F8-40AB-9E9A-FC5D1CC156FC}"
	ProjectSection(ProjectDependencies) = postProject
		{22D5CA69-1AFF-4025-AC86-A4F056D79B53} = {22D5CA69-1AFF-4025-AC86-A4F056D79B53}
	EndProjectSection
EndProject
Project("{8BC9CEB8-8B4A-11D0-8D11-00A0C91BC942}") = "FallDown", "..\games\FallDown\FallDown.vcxproj", "{2F9BB25A-D244-4D37-96E6-0DF9FD149580}"
	ProjectSection(ProjectDependencies) = postProject
		{22D5CA69-1AFF-4025-AC86-A4F056D79B53} = {22D5CA69-1AFF-4025-AC86-A4F056D79B53}
	EndProjectSection
EndProject
Project("{8BC9CEB8-8B4A-11D0-8D11-00A0C91BC942}") = "FlyFar", "..\games\FlyFar\FlyFar.vcxproj", "{9444FEC0-EEE0-43DA-86E5-84D57BF51EB5}"
	ProjectSection(ProjectDependencies) = postProject
		{22D5CA69-1AFF-4025-AC86-A4F056D79B53} = {22D5CA69-1AFF-4025-AC86-A4F056D79B53}
	EndProjectSection
EndProject
Project("{8BC9CEB8-8B4A-11D0-8D11-00A0C91BC942}") = "Herding", "..\games\Herding\Herding.vcxproj", "{46A9ADC9-C8C1-412F-8188-BAFD64A40219}"
	ProjectSection(ProjectDependencies) = postProject
		{22D5CA69-1AFF-4025-AC86-A4F056D79B53} = {22D5CA69-1AFF-4025-AC86-A4F056D79B53}
	EndProjectSection
EndProject
Project("{8BC9CEB8-8B4A-11D0-8D11-00A0C91BC942}") = "JumpMan", "..\games\JumpMan\JumpMan.vcxproj", "{B57EAB14-0FEF-4AFF-A4F7-68FD59B1F8A7}"
	ProjectSection(ProjectDependencies) = postProject
		{22D5CA69-1AFF-4025-AC86-A4F056D79B53} = {22D5CA69-1AFF-4025-AC86-A4F056D79B53}
	EndProjectSection
EndProject
Project("{8BC9CEB8-8B4A-11D0-8D11-00A0C91BC942}") = "MacroMachines", "..\games\MacroMachines\MacroMachines.vcxproj", "{FF9C8F3E-314B-4302-A04F-E69726B3535B}"
	ProjectSection(ProjectDependencies) = postProject
		{22D5CA69-1AFF-4025-AC86-A4F056D79B53} = {22D5CA69-1AFF-4025-AC86-A4F056D79B53}
	EndProjectSection
EndProject
Project("{8BC9CEB8-8B4A-11D0-8D11-00A0C91BC942}") = "Memory", "..\games\Memory\Memory.vcxproj", "{F6680D0A-A133-487D-943D-AE364B93A393}"
	ProjectSection(ProjectDependencies) = postProject
		{22D5CA69-1AFF-4025-AC86-A4F056D79B53} = {22D5CA69-1AFF-4025-AC86-A4F056D79B53}
	EndProjectSection
EndProject
Project("{8BC9CEB8-8B4A-11D0-8D11-00A0C91BC942}") = "MicroRace", "..\games\MicroRace\MicroRace.vcxproj", "{05546D83-2F73-47D6-88E2-03E46451D4C3}"
	ProjectSection(ProjectDependencies) = postProject
		{22D5CA69-1AFF-4025-AC86-A4F056D79B53} = {22D5CA69-1AFF-4025-AC86-A4F056D79B53}
	EndProjectSection
EndProject
Project("{8BC9CEB8-8B4A-11D0-8D11-00A0C91BC942}") = "Osmos", "..\games\Osmos\Osmos.vcxproj", "{D525BF5C-BA08-4BB6-84D7-2F5278FC9D7C}"
	ProjectSection(ProjectDependencies) = postProject
		{22D5CA69-1AFF-4025-AC86-A4F056D79B53} = {22D5CA69-1AFF-4025-AC86-A4F056D79B53}
	EndProjectSection
EndProject
Project("{8BC9CEB8-8B4A-11D0-8D11-00A0C91BC942}") = "PacMan", "..\games\PacMan\PacMan.vcxproj", "{A79BCF48-AEF6-46BE-B048-564AD80AAFCC}"
	ProjectSection(ProjectDependencies) = postProject
		{22D5CA69-1AFF-4025-AC86-A4F056D79B53} = {22D5CA69-1AFF-4025-AC86-A4F056D79B53}
	EndProjectSection
EndProject
Project("{8BC9CEB8-8B4A-11D0-8D11-00A0C91BC942}") = "PewPew", "..\games\PewPew\PewPew.vcxproj", "{C7D28F99-4A58-436F-9434-F96DA0478B2E}"
	ProjectSection(ProjectDependencies) = postProject
		{22D5CA69-1AFF-4025-AC86-A4F056D79B53} = {22D5CA69-1AFF-4025-AC86-A4F056D79B53}
	EndProjectSection
EndProject
Project("{8BC9CEB8-8B4A-11D0-8D11-00A0C91BC942}") = "PokerSteps", "..\games\PokerSteps\PokerSteps.vcxproj", "{BDF0EF60-F71B-4CD9-A1AE-AA3D9FF86A74}"
	ProjectSection(ProjectDependencies) = postProject
		{22D5CA69-1AFF-4025-AC86-A4F056D79B53} = {22D5CA69-1AFF-4025-AC86-A4F056D79B53}
	EndProjectSection
EndProject
Project("{8BC9CEB8-8B4A-11D0-8D11-00A0C91BC942}") = "Pong", "..\games\Pong\Pong.vcxproj", "{496A0F71-4F90-49B7-8872-EE75D87D7F99}"
	ProjectSection(ProjectDependencies) = postProject
		{22D5CA69-1AFF-4025-AC86-A4F056D79B53} = {22D5CA69-1AFF-4025-AC86-A4F056D79B53}
	EndProjectSection
EndProject
Project("{8BC9CEB8-8B4A-11D0-8D11-00A0C91BC942}") = "Pool", "..\games\Pool\Pool.vcxproj", "{87287900-3AF3-4313-B564-D5C2ACAEAB18}"
	ProjectSection(ProjectDependencies) = postProject
		{22D5CA69-1AFF-4025-AC86-A4F056D79B53} = {22D5CA69-1AFF-4025-AC86-A4F056D79B53}
	EndProjectSection
EndProject
Project("{8BC9CEB8-8B4A-11D0-8D11-00A0C91BC942}") = "PushOut", "..\games\PushOut\PushOut.vcxproj", "{E2D75B02-B82C-4CF8-BD00-2D7D133ADBBD}"
	ProjectSection(ProjectDependencies) = postProject
		{22D5CA69-1AFF-4025-AC86-A4F056D79B53} = {22D5CA69-1AFF-4025-AC86-A4F056D79B53}
	EndProjectSection
EndProject
Project("{8BC9CEB8-8B4A-11D0-8D11-00A0C91BC942}") = "RushHour", "..\games\RushHour\RushHour.vcxproj", "{101D4CE8-DC82-4AE4-A4A9-4909CB18E1F6}"
	ProjectSection(ProjectDependencies) = postProject
		{22D5CA69-1AFF-4025-AC86-A4F056D79B53} = {22D5CA69-1AFF-4025-AC86-A4F056D79B53}
	EndProjectSection
EndProject
Project("{8BC9CEB8-8B4A-11D0-8D11-00A0C91BC942}") = "SkipRope", "..\games\SkipRope\SkipRope.vcxproj", "{D17D9575-0730-4215-933C-7FE219BC4D45}"
	ProjectSection(ProjectDependencies) = postProject
		{22D5CA69-1AFF-4025-AC86-A4F056D79B53} = {22D5CA69-1AFF-4025-AC86-A4F056D79B53}
	EndProjectSection
EndProject
Project("{8BC9CEB8-8B4A-11D0-8D11-00A0C91BC942}") = "Soccer", "..\games\Soccer\Soccer.vcxproj", "{7BF2014E-1793-4ABF-811A-A33C72DE0ABA}"
	ProjectSection(ProjectDependencies) = postProject
		{22D5CA69-1AFF-4025-AC86-A4F056D79B53} = {22D5CA69-1AFF-4025-AC86-A4F056D79B53}
	EndProjectSection
EndProject
Project("{8BC9CEB8-8B4A-11D0-8D11-00A0C91BC942}") = "Tanks", "..\games\Tanks\Tanks.vcxproj", "{1C21975A-6C31-4C6F-AFFF-33CAB6E95F9E}"
	ProjectSection(ProjectDependencies) = postProject
		{22D5CA69-1AFF-4025-AC86-A4F056D79B53} = {22D5CA69-1AFF-4025-AC86-A4F056D79B53}
	EndProjectSection
EndProject
Project("{8BC9CEB8-8B4A-11D0-8D11-00A0C91BC942}") = "Tron", "..\games\Tron\Tron.vcxproj", "{AEB500E9-577C-41F1-986A-63086C71ABD2}"
	ProjectSection(ProjectDependencies) = postProject
		{22D5CA69-1AFF-4025-AC86-A4F056D79B53} = {22D5CA69-1AFF-4025-AC86-A4F056D79B53}
	EndProjectSection
EndProject
Project("{8BC9CEB8-8B4A-11D0-8D11-00A0C91BC942}") = "VacuumSucker", "..\games\VacuumSucker\VacuumSucker.vcxproj", "{6EB8762B-779F-4F16-AD07-8DF2A5D761A5}"
	ProjectSection(ProjectDependencies) = postProject
		{22D5CA69-1AFF-4025-AC86-A4F056D79B53} = {22D5CA69-1AFF-4025-AC86-A4F056D79B53}
	EndProjectSection
EndProject
Project("{8BC9CEB8-8B4A-11D0-8D11-00A0C91BC942}") = "ZombieSurvival", "..\games\ZombieSurvival\ZombieSurvival.vcxproj", "{2ABBF55F-ED80-423A-AA73-F565186C6891}"
	ProjectSection(ProjectDependencies) = postProject
		{22D5CA69-1AFF-4025-AC86-A4F056D79B53} = {22D5CA69-1AFF-4025-AC86-A4F056D79B53}
	EndProjectSection
EndProject
Project("{8BC9CEB8-8B4A-11D0-8D11-00A0C91BC942}") = "blib", "..\blib\blib.vcxproj", "{22D5CA69-1AFF-4025-AC86-A4F056D79B53}"
EndProject
Global
	GlobalSection(SolutionConfigurationPlatforms) = preSolution
		Debug|Win32 = Debug|Win32
		Release|Win32 = Release|Win32
	EndGlobalSection
	GlobalSection(ProjectConfigurationPlatforms) = postSolution
		{36B06A08-848A-4F5D-ADB0-8BAD89CBF39E}.Debug|Win32.ActiveCfg = Debug|Win32
		{36B06A08-848A-4F5D-ADB0-8BAD89CBF39E}.Debug|Win32.Build.0 = Debug|Win32
		{36B06A08-848A-4F5D-ADB0-8BAD89CBF39E}.Release|Win32.ActiveCfg = Release|Win32
		{36B06A08-848A-4F5D-ADB0-8BAD89CBF39E}.Release|Win32.Build.0 = Release|Win32
		{0EC3FD54-EEA4-4FBC-A9F1-1101B11C9ABC}.Debug|Win32.ActiveCfg = Debug|Win32
		{0EC3FD54-EEA4-4FBC-A9F1-1101B11C9ABC}.Debug|Win32.Build.0 = Debug|Win32
		{0EC3FD54-EEA4-4FBC-A9F1-1101B11C9ABC}.Release|Win32.ActiveCfg = Release|Win32
		{0EC3FD54-EEA4-4FBC-A9F1-1101B11C9ABC}.Release|Win32.Build.0 = Release|Win32
		{FC9D0840-D651-4338-930E-86481E44D4BB}.Debug|Win32.ActiveCfg = Debug|Win32
		{FC9D0840-D651-4338-930E-86481E44D4BB}.Debug|Win32.Build.0 = Debug|Win32
		{FC9D0840-D651-4338-930E-86481E44D4BB}.Release|Win32.ActiveCfg = Release|Win32
		{FC9D0840-D651-4338-930E-86481E44D4BB}.Release|Win32.Build.0 = Release|Win32
		{83A1703E-2E77-43AD-8D18-BCF75EB2357E}.Debug|Win32.ActiveCfg = Debug|Win32
		{83A1703E-2E77-43AD-8D18-BCF75EB2357E}.Debug|Win32.Build.0 = Debug|Win32
		{83A1703E-2E77-43AD-8D18-BCF75EB2357E}.Release|Win32.ActiveCfg = Release|Win32
		{83A1703E-2E77-43AD-8D18-BCF75EB2357E}.Release|Win32.Build.0 = Release|Win32
		{13BE92BC-0923-4823-B91A-FF8ABCEE7241}.Debug|Win32.ActiveCfg = Debug|Win32
		{13BE92BC-0923-4823-B91A-FF8ABCEE7241}.Debug|Win32.Build.0 = Debug|Win32
		{13BE92BC-0923-4823-B91A-FF8ABCEE7241}.Release|Win32.ActiveCfg = Release|Win32
		{13BE92BC-0923-4823-B91A-FF8ABCEE7241}.Release|Win32.Build.0 = Release|Win32
		{89B38AD0-1CC0-467D-9CE1-DE1315EE560F}.Debug|Win32.ActiveCfg = Debug|Win32
		{89B38AD0-1CC0-467D-9CE1-DE1315EE560F}.Debug|Win32.Build.0 = Debug|Win32
		{89B38AD0-1CC0-467D-9CE1-DE1315EE560F}.Release|Win32.ActiveCfg = Release|Win32
		{89B38AD0-1CC0-467D-9CE1-DE1315EE560F}.Release|Win32.Build.0 = Release|Win32
		{6A1BBA70-3BB4-43D8-ACA8-0232C11D933C}.Debug|Win32.ActiveCfg = Debug|Win32
		{6A1BBA70-3BB4-43D8-ACA8-0232C11D933C}.Debug|Win32.Build.0 = Debug|Win32
		{6A1BBA70-3BB4-43D8-ACA8-0232C11D933C}.Release|Win32.ActiveCfg = Release|Win32
		{6A1BBA70-3BB4-43D8-ACA8-0232C11D933C}.Release|Win32.Build.0 = Release|Win32
		{7A0F0961-54F6-4F4A-B54C-DB365B93D8A7}.Debug|Win32.ActiveCfg = Debug|Win32
		{7A0F0961-54F6-4F4A-B54C-DB365B93D8A7}.Debug|Win32.Build.0 = Debug|Win32
		{7A0F0961-54F6-4F4A-B54C-DB365B93D8A7}.Release|Win32.ActiveCfg = Release|Win32
		{7A0F0961-54F6-4F4A-B54C-DB365B93D8A7}.Release|Win32.Build.0 = Release|Win32
		{B001E56F-CC4C-4AE3-9BEC-961924479513}.Debug|Win32.ActiveCfg = Debug|Win32
		{B001E56F-CC4C-4AE3-9BEC-961924479513}.Debug|Win32.Build.0 = Debug|Win32
		{B001E56F-CC4C-4AE3-9BEC-961924479513}.Release|Win32.ActiveCfg = Release|Win32
		{B001E56F-CC4C-4AE3-9BEC-961924479513}.Release|Win32.Build.0 = Release|Win32
		{7A991652-5D56-4E64-8905-A3395A2ABCF8}.Debug|Win32.ActiveCfg = Debug|Win32
		{7A991652-5D56-4E64-8905-A3395A2ABCF8}.Debug|Win32.Build.0 = Debug|Win32
		{7A991652-5D56-4E64-8905-A3395A2ABCF8}.Release|Win32.ActiveCfg = Release|Win32
		{7A991652-5D56-4E64-8905-A3395A2ABCF8}.Release|Win32.Build.0 = Release|Win32
		{88CEB9C3-18F8-40AB-9E9A-FC5D1CC156FC}.Debug|Win32.ActiveCfg = Debug|Win32
		{88CEB9C3-18F8-40AB-9E9A-FC5D1CC156FC}.Debug|Win32.Build.0 = Debug|Win32
		{88CEB9C3-18F8-40AB-9E9A-FC5D1CC156FC}.Release|Win32.ActiveCfg = Release|Win32
		{88CEB9C3-18F8-40AB-9E9A-FC5D1CC156FC}.Release|Win32.Build.0 = Release|Win32
		{2F9BB25A-D244-4D37-96E6-0DF9FD149580}.Debug|Win32.ActiveCfg = Debug|Win32
		{2F9BB25A-D244-4D37-96E6-0DF9FD149580}.Debug|Win32.Build.0 = Debug|Win32
		{2F9BB25A-D244-4D37-96E6-0DF9FD149580}.Release|Win32.ActiveCfg = Release|Win32
		{2F9BB25A-D244-4D37-96E6-0DF9FD149580}.Release|Win32.Build.0 = Release|Win32
		{9444FEC0-EEE0-43DA-86E5-84D57BF51EB5}.Debug|Win32.ActiveCfg = Debug|Win32
		{9444FEC0-EEE0-43DA-86E5-84D57BF51EB5}.Debug|Win32.Build.0 = Debug|Win32
		{9444FEC0-EEE0-43DA-86E5-84D57BF51EB5}.Release|Win32.ActiveCfg = Release|Win32
		{9444FEC0-EEE0-43DA-86E5-84D57BF51EB5}.Release|Win32.Build.0 = Release|Win32
		{46A9ADC9-C8C1-412F-8188-BAFD64A40219}.Debug|Win32.ActiveCfg = Debug|Win32
		{46A9ADC9-C8C1-412F-8188-BAFD64A40219}.Debug|Win32.Build.0 = Debug|Win32
		{46A9ADC9-C8C1-412F-8188-BAFD64A40219}.Release|Win32.ActiveCfg = Release|Win32
		{46A9ADC9-C8C1-412F-8188-BAFD64A40219}.Release|Win32.Build.0 = Release|Win32
		{B57EAB14-0FEF-4AFF-A4F7-68FD59B1F8A7}.Debug|Win32.ActiveCfg = Debug|Win32
		{B57EAB14-0FEF-4AFF-A4F7-68FD59B1F8A7}.Debug|Win32.Build.0 = Debug|Win32
		{B57EAB14-0FEF-4AFF-A4F7-68FD59B1F8A7}.Release|Win32.ActiveCfg = Release|Win32
		{B57EAB14-0FEF-4AFF-A4F7-68FD59B1F8A7}.Release|Win32.Build.0 = Release|Win32
		{FF9C8F3E-314B-4302-A04F-E69726B3535B}.Debug|Win32.ActiveCfg = Debug|Win32
		{FF9C8F3E-314B-4302-A04F-E69726B3535B}.Debug|Win32.Build.0 = Debug|Win32
		{FF9C8F3E-314B-4302-A04F-E69726B3535B}.Release|Win32.ActiveCfg = Release|Win32
		{FF9C8F3E-314B-4302-A04F-E69726B3535B}.Release|Win32.Build.0 = Release|Win32
		{F6680D0A-A133-487D-943D-AE364B93A393}.Debug|Win32.ActiveCfg = Debug|Win32
		{F6680D0A-A133-487D-943D-AE364B93A393}.Debug|Win32.Build.0 = Debug|Win32
		{F6680D0A-A133-487D-943D-AE364B93A393}.Release|Win32.ActiveCfg = Release|Win32
		{F6680D0A-A133-487D-943D-AE364B93A393}.Release|Win32.Build.0 = Release|Win32
		{05546D83-2F73-47D6-88E2-03E46451D4C3}.Debug|Win32.ActiveCfg = Debug|Win32
		{05546D83-2F73-47D6-88E2-03E46451D4C3}.Debug|Win32.Build.0 = Debug|Win32
		{05546D83-2F73-47D6-88E2-03E46451D4C3}.Release|Win32.ActiveCfg = Release|Win32
		{05546D83-2F73-47D6-88E2-03E46451D4C3}.Release|Win32.Build.0 = Release|Win32
		{D525BF5C-BA08-4BB6-84D7-2F5278FC9D7C}.Debug|Win32.ActiveCfg = Debug|Win32
		{D525BF5C-BA08-4BB6-84D7-2F5278FC9D7C}.Debug|Win32.Build.0 = Debug|Win32
		{D525BF5C-BA08-4BB6-84D7-2F5278FC9D7C}.Release|Win32.ActiveCfg = Release|Win32
		{D525BF5C-BA08-4BB6-84D7-2F5278FC9D7C}.Release|Win32.Build.0 = Release|Win32
		{A79BCF48-AEF6-46BE-B048-564AD80AAFCC}.Debug|Win32.ActiveCfg = Debug|Win32
		{A79BCF48-AEF6-46BE-B048-564AD80AAFCC}.Debug|Win32.Build.0 = Debug|Win32
		{A79BCF48-AEF6-46BE-B048-564AD80AAFCC}.Release|Win32.ActiveCfg = Release|Win32
		{A79BCF48-AEF6-46BE-B048-564AD80AAFCC}.Release|Win32.Build.0 = Release|Win32
		{C7D28F99-4A58-436F-9434-F96DA0478B2E}.Debug|Win32.ActiveCfg = Debug|Win32
		{C7D28F99-4A58-436F-9434-F96DA0478B2E}.Debug|Win32.Build.0 = Debug|Win32
		{C7D28F99-4A58-436F-9434-F96DA0478B2E}.Release|Win32.ActiveCfg = Release|Win32
		{C7D28F99-4A58-436F-9434-F96DA0478B2E}.Release|Win32.Build.0 = Release|Win32
		{BDF0EF60-F71B-4CD9-A1AE-AA3D9FF86A74}.Debug|Win32.ActiveCfg = Debug|Win32
		{BDF0EF60-F71B-4CD9-A1AE-AA3D9FF86A74}.Debug|Win32.Build.0 = Debug|Win32
		{BDF0EF60-F71B-4CD9-A1AE-AA3D9FF86A74}.Release|Win32.ActiveCfg = Release|Win32
		{BDF0EF60-F71B-4CD9-A1AE-AA3D9FF86A74}.Release|Win32.Build.0 = Release|Win32
		{496A0F71-4F90-49B7-8872-EE75D87D7F99}.Debug|Win32.ActiveCfg = Debug|Win32
		{496A0F71-4F90-49B7-8872-EE75D87D7F99}.Debug|Win32.Build.0 = Debug|Win32
		{496A0F71-4F90-49B7-8872-EE75D87D7F99}.Release|Win32.ActiveCfg = Release|Win32
		{496A0F71-4F90-49B7-8872-EE75D87D7F99}.Release|Win32.Build.0 = Release|Win32
		{87287900-3AF3-4313-B564-D5C2ACAEAB18}.Debug|Win32.ActiveCfg = Debug|Win32
		{87287900-3AF3-4313-B564-D5C2ACAEAB18}.Debug|Win32.Build.0 = Debug|Win32
		{87287900-3AF3-4313-B564-D5C2ACAEAB18}.Release|Win32.ActiveCfg = Release|Win32
		{87287900-3AF3-4313-B564-D5C2ACAEAB18}.Release|Win32.Build.0 = Release|Win32
		{E2D75B02-B82C-4CF8-BD00-2D7D133ADBBD}.Debug|Win32.ActiveCfg = Debug|Win32
		{E2D75B02-B82C-4CF8-BD00-2D7D133ADBBD}.Debug|Win32.Build.0 = Debug|Win32
		{E2D75B02-B82C-4CF8-BD00-2D7D133ADBBD}.Release|Win32.ActiveCfg = Release|Win32
		{E2D75B02-B82C-4CF8-BD00-2D7D133ADBBD}.Release|Win32.Build.0 = Release|Win32
		{101D4CE8-DC82-4AE4-A4A9-4909CB18E1F6}.Debug|Win32.ActiveCfg = Debug|Win32
		{101D4CE8-DC82-4AE4-A4A9-4909CB18E1F6}.Debug|Win32.Build.0 = Debug|Win32
		{101D4CE8-DC82-4AE4-A4A9-4909CB18E1F6}.Release|Win32.ActiveCfg = Release|Win32
		{101D4CE8-DC82-4AE4-A4A9-4909CB18E1F6}.Release|Win32.Build.0 = Release|Win32
		{D17D9575-0730-4215-933C-7FE219BC4D45}.Debug|Win32.ActiveCfg = Debug|Win32
		{D17D9575-0730-4215-933C-7FE219BC4D45}.Debug|Win32.Build.0 = Debug|Win32
		{D17D9575-0730-4215-933C-7FE219BC4D45}.Release|Win32.ActiveCfg = Release|Win32
		{D17D9575-0730-4215-933C-7FE219BC4D45}.Release|Win32.Build.0 = Release|Win32
		{7BF2014E-1793-4ABF-811A-A33C72DE0ABA}.Debug|Win32.ActiveCfg = Debug|Win32
		{7BF2014E-1793-4ABF-811A-A33C72DE0ABA}.Debug|Win32.Build.0 = Debug|Win32
		{7BF2014E-1793-4ABF-811A-A33C72DE0ABA}.Release|Win32.ActiveCfg = Release|Win32
		{7BF2014E-1793-4ABF-811A-A33C72DE0ABA}.Release|Win32.Build.0 = Release|Win32
		{1C21975A-6C31-4C6F-AFFF-33CAB6E95F9E}.Debug|Win32.ActiveCfg = Debug|Win32
		{1C21975A-6C31-4C6F-AFFF-33CAB6E95F9E}.Debug|Win32.Build.0 = Debug|Win32
		{1C21975A-6C31-4C6F-AFFF-33CAB6E95F9E}.Release|Win32.ActiveCfg = Release|Win32
		{1C21975A-6C31-4C6F-AFFF-33CAB6E95F9E}.Release|Win32.Build.0 = Release|Win32
		{AEB500E9-577C-41F1-986A-63086C71ABD2}.Debug|Win32.ActiveCfg = Debug|Win32
		{AEB500E9-577C-41F1-986A-63086C71ABD2}.Debug|Win32.Build.0 = Debug|Win32
		{AEB500E9-577C-41F1-986A-63086C71ABD2}.Release|Win32.ActiveCfg = Release|Win32
		{AEB500E9-577C-41F1-986A-63086C71ABD2}.Release|Win32.Build.0 = Release|Win32
		{6EB8762B-779F-4F16-AD07-8DF2A5D761A5}.Debug|Win32.ActiveCfg = Debug|Win32
		{6EB8762B-779F-4F16-AD07-8DF2A5D761A5}.Debug|Win32.Build.0 = Debug|Win32
		{6EB8762B-779F-4F16-AD07-8DF2A5D761A5}.Release|Win32.ActiveCfg = Release|Win32
		{6EB8762B-779F-4F16-AD07-8DF2A5D761A5}.Release|Win32.Build.0 = Release|Win32
		{2ABBF55F-ED80-423A-AA73-F565186C6891}.Debug|Win32.ActiveCfg = Debug|Win32
		{2ABBF55F-ED80-423A-AA73-F565186C6891}.Debug|Win32.Build.0 = Debug|Win32
		{2ABBF55F-ED80-423A-AA73-F565186C6891}.Release|Win32.ActiveCfg = Release|Win32
		{2ABBF55F-ED80-423A-AA73-F565186C6891}.Release|Win32.Build.0 = Release|Win32
		{22D5CA69-1AFF-4025-AC86-A4F056D79B53}.Debug|Win32.ActiveCfg = Debug|Win32
		{22D5CA69-1AFF-4025-AC86-A4F056D79B53}.Debug|Win32.Build.0 = Debug|Win32
		{22D5CA69-1AFF-4025-AC86-A4F056D79B53}.Release|Win32.ActiveCfg = Release|Win32
		{22D5CA69-1AFF-4025-AC86-A4F056D79B53}.Release|Win32.Build.0 = Release|Win32
	EndGlobalSection
	GlobalSection(SolutionProperties) = preSolution
		HideSolutionNode = FALSE
	EndGlobalSection
	GlobalSection(NestedProjects) = preSolution
		{0EC3FD54-EEA4-4FBC-A9F1-1101B11C9ABC} = {609ED047-948E-4853-80D6-C148A5E95A87}
		{FC9D0840-D651-4338-930E-86481E44D4BB} = {609ED047-948E-4853-80D6-C148A5E95A87}
		{83A1703E-2E77-43AD-8D18-BCF75EB2357E} = {609ED047-948E-4853-80D6-C148A5E95A87}
		{13BE92BC-0923-4823-B91A-FF8ABCEE7241} = {609ED047-948E-4853-80D6-C148A5E95A87}
		{89B38AD0-1CC0-467D-9CE1-DE1315EE560F} = {609ED047-948E-4853-80D6-C148A5E95A87}
		{6A1BBA70-3BB4-43D8-ACA8-0232C11D933C} = {609ED047-948E-4853-80D6-C148A5E95A87}
		{7A0F0961-54F6-4F4A-B54C-DB365B93D8A7} = {609ED047-948E-4853-80D6-C148A5E95A87}
		{B001E56F-CC4C-4AE3-9BEC-961924479513} = {609ED047-948E-4853-80D6-C148A5E95A87}
		{7A991652-5D56-4E64-8905-A3395A2ABCF8} = {609ED047-948E-4853-80D6-C148A5E95A87}
		{88CEB9C3-18F8-40AB-9E9A-FC5D1CC156FC} = {609ED047-948E-4853-80D6-C148A5E95A87}
		{2F9BB25A-D244-4D37-96E6-0DF9FD149580} = {609ED047-948E-4853-80D6-C148A5E95A87}
		{9444FEC0-EEE0-43DA-86E5-84D57BF51EB5} = {609ED047-948E-4853-80D6-C148A5E95A87}
		{46A9ADC9-C8C1-412F-8188-BAFD64A40219} = {609ED047-948E-4853-80D6-C148A5E95A87}
		{B57EAB14-0FEF-4AFF-A4F7-68FD59B1F8A7} = {609ED047-948E-4853-80D6-C148A5E95A87}
		{FF9C8F3E-314B-4302-A04F-E69726B3535B} = {609ED047-948E-4853-80D6-C148A5E95A87}
		{F6680D0A-A133-487D-943D-AE364B93A393} = {609ED047-948E-4853-80D6-C148A5E95A87}
		{05546D83-2F73-47D6-88E2-03E46451D4C3} = {609ED047-948E-4853-80D6-C148A5E95A87}
		{D525BF5C-BA08-4BB6-84D7-2F5278FC9D7C} = {609ED047-948E-4853-80D6-C148A5E95A87}
		{A79BCF48-AEF6-46BE-B048-564AD80AAFCC} = {609ED047-948E-4853-80D6-C148A5E95A87}
		{C7D28F99-4A58-436F-9434-F96DA0478B2E} = {609ED047-948E-4853-80D6-C148A5E95A87}
		{BDF0EF60-F71B-4CD9-A1AE-AA3D9FF86A74} = {609ED047-948E-4853-80D6-C148A5E95A87}
		{496A0F71-4F90-49B7-8872-EE75D87D7F99} = {609ED047-948E-4853-80D6-C148A5E95A87}
		{87287900-3AF3-4313-B564-D5C2ACAEAB18} = {609ED047-948E-4853-80D6-C148A5E95A87}
		{E2D75B02-B82C-4CF8-BD00-2D7D133ADBBD} = {609ED047-948E-4853-80D6-C148A5E95A87}
		{101D4CE8-DC82-4AE4-A4A9-4909CB18E1F6} = {609ED047-948E-4853-80D6-C148A5E95A87}
		{D17D9575-0730-4215-933C-7FE219BC4D45} = {609ED047-948E-4853-80D6-C148A5E95A87}
		{7BF2014E-1793-4ABF-811A-A33C72DE0ABA} = {609ED047-948E-4853-80D6-C148A5E95A87}
		{1C21975A-6C31-4C6F-AFFF-33CAB6E95F9E} = {609ED047-948E-4853-80D6-C148A5E95A87}
		{AEB500E9-577C-41F1-986A-63086C71ABD2} = {609ED047-948E-4853-80D6-C148A5E95A87}
		{6EB8762B-779F-4F16-AD07-8DF2A5D761A5} = {609ED047-948E-4853-80D6-C148A5E95A87}
		{2ABBF55F-ED80-423A-AA73-F565186C6891} = {609ED047-948E-4853-80D6-C148A5E95A87}
	EndGlobalSection
EndGlobal
